// !$*UTF8*$!
{
	archiveVersion = 1;
	classes = {
	};
	objectVersion = 42;
	objects = {

/* Begin PBXFileReference section */
		2B4EF0B70A6D37A600A6532F /* build.xml */ = {isa = PBXFileReference; fileEncoding = 4; lastKnownFileType = text.xml; path = build.xml; sourceTree = "<group>"; };
		2B4EF0B90A6D37A600A6532F /* myApp.html */ = {isa = PBXFileReference; fileEncoding = 4; lastKnownFileType = text.html; path = myApp.html; sourceTree = "<group>"; };
		2B4EF0BA0A6D37A600A6532F /* swfobject.js */ = {isa = PBXFileReference; fileEncoding = 4; lastKnownFileType = sourcecode.javascript; path = swfobject.js; sourceTree = "<group>"; };
		2B4EF0BC0A6D37A600A6532F /* Main.mxml */ = {isa = PBXFileReference; explicitFileType = sourcecode.mxml; fileEncoding = 4; path = Main.mxml; sourceTree = "<group>"; };
		2BAC79350B04CC3600207774 /* MainView.as */ = {isa = PBXFileReference; fileEncoding = 4; lastKnownFileType = sourcecode.actionscript; path = MainView.as; sourceTree = "<group>"; };
/* End PBXFileReference section */

/* Begin PBXGroup section */
		2B4EF0B80A6D37A600A6532F /* lib */ = {
			isa = PBXGroup;
			children = (
				2B4EF0B90A6D37A600A6532F /* myApp.html */,
				2B4EF0BA0A6D37A600A6532F /* swfobject.js */,
			);
			path = lib;
			sourceTree = "<group>";
		};
		2B4EF0BB0A6D37A600A6532F /* src */ = {
			isa = PBXGroup;
			children = (
				2B4EF0BC0A6D37A600A6532F /* Main.mxml */,
				2BAC79350B04CC3600207774 /* MainView.as */,
			);
			path = src;
			sourceTree = "<group>";
		};
		88230FFA05D9926E00FE8D22 = {
			isa = PBXGroup;
			children = (
				2B4EF0B70A6D37A600A6532F /* build.xml */,
				2B4EF0B80A6D37A600A6532F /* lib */,
				2B4EF0BB0A6D37A600A6532F /* src */,
			);
			sourceTree = "<group>";
		};
/* End PBXGroup section */

/* Begin PBXLegacyTarget section */
		2B4EF09C0A6D36A200A6532F /* RadBuild */ = {
			isa = PBXLegacyTarget;
			buildArgumentsString = "radBuildAndRun -emacs $(ACTION)";
			buildConfigurationList = 2B4EF09D0A6D36A200A6532F /* Build configuration list for PBXLegacyTarget "RadBuild" */;
			buildPhases = (
			);
			buildToolPath = /usr/bin/ant;
			buildWorkingDirectory = ./;
			dependencies = (
			);
			name = RadBuild;
			passBuildSettingsInEnvironment = 1;
			productName = FlexOOP;
		};
		8823100505D9929B00FE8D22 /* FullBuild */ = {
			isa = PBXLegacyTarget;
			buildArgumentsString = "-emacs $(ACTION)";
			buildConfigurationList = 0A828E5908BBAA310037578C /* Build configuration list for PBXLegacyTarget "FullBuild" */;
			buildPhases = (
			);
			buildToolPath = /usr/bin/ant;
			buildWorkingDirectory = ./;
			dependencies = (
			);
			name = FullBuild;
			passBuildSettingsInEnvironment = 1;
			productName = FlexOOP;
		};
/* End PBXLegacyTarget section */

/* Begin PBXProject section */
		88230FFE05D9926E00FE8D22 /* Project object */ = {
			isa = PBXProject;
			buildConfigurationList = 0A828E5D08BBAA310037578C /* Build configuration list for PBXProject "CryoBabyStep" */;
			compatibilityVersion = "Xcode 2.4";
			hasScannedForEncodings = 1;
			mainGroup = 88230FFA05D9926E00FE8D22;
			projectDirPath = "";
			projectRoot = "";
			targets = (
				8823100505D9929B00FE8D22 /* FullBuild */,
				2B4EF09C0A6D36A200A6532F /* RadBuild */,
			);
		};
/* End PBXProject section */

/* Begin XCBuildConfiguration section */
		0A828E5A08BBAA310037578C /* Debug */ = {
			isa = XCBuildConfiguration;
			buildSettings = {
				COPY_PHASE_STRIP = NO;
				PRODUCT_NAME = FlexOOP;
			};
			name = Debug;
		};
		0A828E5B08BBAA310037578C /* Release */ = {
			isa = XCBuildConfiguration;
			buildSettings = {
				COPY_PHASE_STRIP = YES;
				PRODUCT_NAME = FlexOOP;
			};
			name = Release;
		};
		0A828E5E08BBAA310037578C /* Debug */ = {
			isa = XCBuildConfiguration;
			buildSettings = {
			};
			name = Debug;
		};
		0A828E5F08BBAA310037578C /* Release */ = {
			isa = XCBuildConfiguration;
			buildSettings = {
			};
			name = Release;
		};
		2B4EF09E0A6D36A200A6532F /* Debug */ = {
			isa = XCBuildConfiguration;
			buildSettings = {
				COPY_PHASE_STRIP = NO;
				PRODUCT_NAME = FlexOOP;
			};
			name = Debug;
		};
		2B4EF09F0A6D36A200A6532F /* Release */ = {
			isa = XCBuildConfiguration;
			buildSettings = {
				COPY_PHASE_STRIP = YES;
				PRODUCT_NAME = FlexOOP;
			};
			name = Release;
		};
/* End XCBuildConfiguration section */

/* Begin XCConfigurationList section */
		0A828E5908BBAA310037578C /* Build configuration list for PBXLegacyTarget "FullBuild" */ = {
			isa = XCConfigurationList;
			buildConfigurations = (
				0A828E5A08BBAA310037578C /* Debug */,
				0A828E5B08BBAA310037578C /* Release */,
			);
			defaultConfigurationIsVisible = 0;
			defaultConfigurationName = Release;
		};
		0A828E5D08BBAA310037578C /* Build configuration list for PBXProject "CryoBabyStep" */ = {
			isa = XCConfigurationList;
			buildConfigurations = (
				0A828E5E08BBAA310037578C /* Debug */,
				0A828E5F08BBAA310037578C /* Release */,
			);
			defaultConfigurationIsVisible = 0;
			defaultConfigurationName = Release;
		};
		2B4EF09D0A6D36A200A6532F /* Build configuration list for PBXLegacyTarget "RadBuild" */ = {
			isa = XCConfigurationList;
			buildConfigurations = (
				2B4EF09E0A6D36A200A6532F /* Debug */,
				2B4EF09F0A6D36A200A6532F /* Release */,
			);
			defaultConfigurationIsVisible = 0;
			defaultConfigurationName = Release;
		};
/* End XCConfigurationList section */
	};
	rootObject = 88230FFE05D9926E00FE8D22 /* Project object */;
}
