// !$*UTF8*$!
{
	archiveVersion = 1;
	classes = {
	};
	objectVersion = 42;
	objects = {

/* Begin PBXFileReference section */
		2B23F4230E2D35BE001D3929 /* crossdomain.xml */ = {isa = PBXFileReference; fileEncoding = 4; lastKnownFileType = text.xml; path = crossdomain.xml; sourceTree = "<group>"; };
		2B23F4240E2D35BE001D3929 /* minesweeper_cut.flv */ = {isa = PBXFileReference; lastKnownFileType = file; path = minesweeper_cut.flv; sourceTree = "<group>"; };
		2B23F4250E2D35BE001D3929 /* ms_cooler_down.png */ = {isa = PBXFileReference; lastKnownFileType = image.png; path = ms_cooler_down.png; sourceTree = "<group>"; };
		2B23F4260E2D35BE001D3929 /* ms_cooler_over.png */ = {isa = PBXFileReference; lastKnownFileType = image.png; path = ms_cooler_over.png; sourceTree = "<group>"; };
		2B23F4270E2D35BE001D3929 /* ms_cooler_up.png */ = {isa = PBXFileReference; lastKnownFileType = image.png; path = ms_cooler_up.png; sourceTree = "<group>"; };
		2B23F4280E2D36E5001D3929 /* challenge_loading.fla */ = {isa = PBXFileReference; lastKnownFileType = file; path = challenge_loading.fla; sourceTree = "<group>"; };
		2B23F4290E2D36E5001D3929 /* challenge_loading.psd */ = {isa = PBXFileReference; lastKnownFileType = file; path = challenge_loading.psd; sourceTree = "<group>"; };
		2B23F42A0E2D36E5001D3929 /* minesweeper_cut.fla */ = {isa = PBXFileReference; lastKnownFileType = file; path = minesweeper_cut.fla; sourceTree = "<group>"; };
		2B23F42B0E2D36E5001D3929 /* spinner.fla */ = {isa = PBXFileReference; lastKnownFileType = file; path = spinner.fla; sourceTree = "<group>"; };
		2B23F42C0E2D372A001D3929 /* challenge_loading.swf */ = {isa = PBXFileReference; lastKnownFileType = file; path = challenge_loading.swf; sourceTree = "<group>"; };
		2B23F42D0E2D372A001D3929 /* cooler_down.swf */ = {isa = PBXFileReference; lastKnownFileType = file; path = cooler_down.swf; sourceTree = "<group>"; };
		2B23F42E0E2D372A001D3929 /* cooler_over.swf */ = {isa = PBXFileReference; lastKnownFileType = file; path = cooler_over.swf; sourceTree = "<group>"; };
		2B23F42F0E2D372A001D3929 /* cooler_selected.swf */ = {isa = PBXFileReference; lastKnownFileType = file; path = cooler_selected.swf; sourceTree = "<group>"; };
		2B23F4300E2D372A001D3929 /* cooler_up.swf */ = {isa = PBXFileReference; lastKnownFileType = file; path = cooler_up.swf; sourceTree = "<group>"; };
		2B23F4310E2D372A001D3929 /* spinner.swf */ = {isa = PBXFileReference; lastKnownFileType = file; path = spinner.swf; sourceTree = "<group>"; };
		2B23F4320E2D372A001D3929 /* supports_down.swf */ = {isa = PBXFileReference; lastKnownFileType = file; path = supports_down.swf; sourceTree = "<group>"; };
		2B23F4330E2D372A001D3929 /* supports_over.swf */ = {isa = PBXFileReference; lastKnownFileType = file; path = supports_over.swf; sourceTree = "<group>"; };
		2B23F4340E2D372A001D3929 /* supports_selected.swf */ = {isa = PBXFileReference; lastKnownFileType = file; path = supports_selected.swf; sourceTree = "<group>"; };
		2B23F4350E2D372A001D3929 /* supports_up.swf */ = {isa = PBXFileReference; lastKnownFileType = file; path = supports_up.swf; sourceTree = "<group>"; };
		2B4EF0B70A6D37A600A6532F /* build.xml */ = {isa = PBXFileReference; fileEncoding = 4; lastKnownFileType = text.xml; path = build.xml; sourceTree = "<group>"; };
		2B4EF0B90A6D37A600A6532F /* myApp.html */ = {isa = PBXFileReference; fileEncoding = 4; lastKnownFileType = text.html; path = myApp.html; sourceTree = "<group>"; };
		2B4EF0BA0A6D37A600A6532F /* swfobject.js */ = {isa = PBXFileReference; fileEncoding = 4; lastKnownFileType = sourcecode.javascript; path = swfobject.js; sourceTree = "<group>"; };
		2B4EF0BC0A6D37A600A6532F /* Main.mxml */ = {isa = PBXFileReference; explicitFileType = sourcecode.mxml; fileEncoding = 4; path = Main.mxml; sourceTree = "<group>"; };
		2B6715830DBFC943004B8F9E /* CoolItDelegate.as */ = {isa = PBXFileReference; fileEncoding = 4; lastKnownFileType = sourcecode.actionscript; path = CoolItDelegate.as; sourceTree = "<group>"; };
		2B6715850DBFC943004B8F9E /* ChooseJobCommand.as */ = {isa = PBXFileReference; fileEncoding = 4; lastKnownFileType = sourcecode.actionscript; path = ChooseJobCommand.as; sourceTree = "<group>"; };
		2B6715870DBFC943004B8F9E /* CoolItController.as */ = {isa = PBXFileReference; fileEncoding = 4; lastKnownFileType = sourcecode.actionscript; path = CoolItController.as; sourceTree = "<group>"; };
		2B6715890DBFC943004B8F9E /* ChooseJobEvent.as */ = {isa = PBXFileReference; fileEncoding = 4; lastKnownFileType = sourcecode.actionscript; path = ChooseJobEvent.as; sourceTree = "<group>"; };
		2B67158C0DBFC943004B8F9E /* CoolItModelLocator.as */ = {isa = PBXFileReference; fileEncoding = 4; lastKnownFileType = sourcecode.actionscript; path = CoolItModelLocator.as; sourceTree = "<group>"; };
		2B67158E0DBFC943004B8F9E /* JobChooser.mxml */ = {isa = PBXFileReference; fileEncoding = 4; lastKnownFileType = sourcecode.mxml; path = JobChooser.mxml; sourceTree = "<group>"; };
		2B67158F0DBFC943004B8F9E /* JobChooserView.as */ = {isa = PBXFileReference; fileEncoding = 4; lastKnownFileType = sourcecode.actionscript; path = JobChooserView.as; sourceTree = "<group>"; };
		2B6715910DBFC943004B8F9E /* JobVO.as */ = {isa = PBXFileReference; fileEncoding = 4; lastKnownFileType = sourcecode.actionscript; path = JobVO.as; sourceTree = "<group>"; };
		2B6715FD0DBFD71F004B8F9E /* style.css */ = {isa = PBXFileReference; fileEncoding = 4; lastKnownFileType = text.css; path = style.css; sourceTree = "<group>"; };
		2B67163F0DC0BD8C004B8F9E /* AssetEmbedLocator.as */ = {isa = PBXFileReference; fileEncoding = 4; lastKnownFileType = sourcecode.actionscript; path = AssetEmbedLocator.as; sourceTree = "<group>"; };
		2B6716C60DC0CA16004B8F9E /* Services.mxml */ = {isa = PBXFileReference; fileEncoding = 4; lastKnownFileType = sourcecode.mxml; path = Services.mxml; sourceTree = "<group>"; };
		2B6716E40DC0CCFE004B8F9E /* GetJobListEvent.as */ = {isa = PBXFileReference; fileEncoding = 4; lastKnownFileType = sourcecode.actionscript; path = GetJobListEvent.as; sourceTree = "<group>"; };
		2B6716E50DC0CD52004B8F9E /* GetJobListCommand.as */ = {isa = PBXFileReference; fileEncoding = 4; lastKnownFileType = sourcecode.actionscript; path = GetJobListCommand.as; sourceTree = "<group>"; };
		2B6717020DC0CFFA004B8F9E /* CommonBase.as */ = {isa = PBXFileReference; fileEncoding = 4; lastKnownFileType = sourcecode.actionscript; path = CommonBase.as; sourceTree = "<group>"; };
		2B67176D0DC0DBA8004B8F9E /* get_problems_doc.xml */ = {isa = PBXFileReference; fileEncoding = 4; lastKnownFileType = text.xml; path = get_problems_doc.xml; sourceTree = "<group>"; };
		2B6717A20DC0DF73004B8F9E /* JobModel.as */ = {isa = PBXFileReference; fileEncoding = 4; lastKnownFileType = sourcecode.actionscript; path = JobModel.as; sourceTree = "<group>"; };
		2B6719170DC110A9004B8F9E /* StateModel.as */ = {isa = PBXFileReference; fileEncoding = 4; lastKnownFileType = sourcecode.actionscript; path = StateModel.as; sourceTree = "<group>"; };
		2B6719310DC119CD004B8F9E /* JobScreen.mxml */ = {isa = PBXFileReference; fileEncoding = 4; lastKnownFileType = sourcecode.mxml; path = JobScreen.mxml; sourceTree = "<group>"; };
		2B6719320DC11A99004B8F9E /* JobScreenView.as */ = {isa = PBXFileReference; fileEncoding = 4; lastKnownFileType = sourcecode.actionscript; path = JobScreenView.as; sourceTree = "<group>"; };
		2B671A1F0DC228B0004B8F9E /* closed_arrow.swf */ = {isa = PBXFileReference; lastKnownFileType = file; path = closed_arrow.swf; sourceTree = "<group>"; };
		2B671A200DC228B0004B8F9E /* open_arrow.swf */ = {isa = PBXFileReference; lastKnownFileType = file; path = open_arrow.swf; sourceTree = "<group>"; };
		2B671A210DC228B0004B8F9E /* temp_image.png */ = {isa = PBXFileReference; lastKnownFileType = image.png; path = temp_image.png; sourceTree = "<group>"; };
		2B671AA40DC240F9004B8F9E /* ViewJobListEvent.as */ = {isa = PBXFileReference; fileEncoding = 4; lastKnownFileType = sourcecode.actionscript; path = ViewJobListEvent.as; sourceTree = "<group>"; };
		2B671AA50DC2412D004B8F9E /* ViewJobListCommand.as */ = {isa = PBXFileReference; fileEncoding = 4; lastKnownFileType = sourcecode.actionscript; path = ViewJobListCommand.as; sourceTree = "<group>"; };
		2B671ABF0DC243CF004B8F9E /* CoolerModel.as */ = {isa = PBXFileReference; fileEncoding = 4; lastKnownFileType = sourcecode.actionscript; path = CoolerModel.as; sourceTree = "<group>"; };
		2B671ACA0DC24462004B8F9E /* get_coolers_doc.xml */ = {isa = PBXFileReference; fileEncoding = 4; lastKnownFileType = text.xml; path = get_coolers_doc.xml; sourceTree = "<group>"; };
		2B671AF40DC2472E004B8F9E /* CoolerVO.as */ = {isa = PBXFileReference; fileEncoding = 4; lastKnownFileType = sourcecode.actionscript; path = CoolerVO.as; sourceTree = "<group>"; };
		2B671AF50DC2494A004B8F9E /* DataPointVO.as */ = {isa = PBXFileReference; fileEncoding = 4; lastKnownFileType = sourcecode.actionscript; path = DataPointVO.as; sourceTree = "<group>"; };
		2B671AF60DC24C32004B8F9E /* get_materials_doc.xml */ = {isa = PBXFileReference; fileEncoding = 4; lastKnownFileType = text.xml; path = get_materials_doc.xml; sourceTree = "<group>"; };
		2B671AF70DC2503B004B8F9E /* MaterialModel.as */ = {isa = PBXFileReference; fileEncoding = 4; lastKnownFileType = sourcecode.actionscript; path = MaterialModel.as; sourceTree = "<group>"; };
		2B671AF80DC251A4004B8F9E /* MaterialVO.as */ = {isa = PBXFileReference; fileEncoding = 4; lastKnownFileType = sourcecode.actionscript; path = MaterialVO.as; sourceTree = "<group>"; };
		2B671AF90DC25374004B8F9E /* GetCoolerListEvent.as */ = {isa = PBXFileReference; fileEncoding = 4; lastKnownFileType = sourcecode.actionscript; path = GetCoolerListEvent.as; sourceTree = "<group>"; };
		2B671AFA0DC25408004B8F9E /* GetCoolerListCommand.as */ = {isa = PBXFileReference; fileEncoding = 4; lastKnownFileType = sourcecode.actionscript; path = GetCoolerListCommand.as; sourceTree = "<group>"; };
		2B671B2E0DC25908004B8F9E /* GetMaterialListEvent.as */ = {isa = PBXFileReference; fileEncoding = 4; lastKnownFileType = sourcecode.actionscript; path = GetMaterialListEvent.as; sourceTree = "<group>"; };
		2B671B2F0DC2593C004B8F9E /* GetMaterialListCommand.as */ = {isa = PBXFileReference; fileEncoding = 4; lastKnownFileType = sourcecode.actionscript; path = GetMaterialListCommand.as; sourceTree = "<group>"; };
		2B671B660DC25DB8004B8F9E /* CoolerPicker.mxml */ = {isa = PBXFileReference; fileEncoding = 4; lastKnownFileType = sourcecode.mxml; path = CoolerPicker.mxml; sourceTree = "<group>"; };
		2B671B670DC25E15004B8F9E /* CoolerPickerView.as */ = {isa = PBXFileReference; fileEncoding = 4; lastKnownFileType = sourcecode.actionscript; path = CoolerPickerView.as; sourceTree = "<group>"; };
		2B70C71F0E14332D009CC2EF /* PNGButtonPane.mxml */ = {isa = PBXFileReference; fileEncoding = 4; lastKnownFileType = sourcecode.mxml; path = PNGButtonPane.mxml; sourceTree = "<group>"; };
		2B70C7200E143366009CC2EF /* PNGButtonPaneView.as */ = {isa = PBXFileReference; fileEncoding = 4; lastKnownFileType = sourcecode.actionscript; path = PNGButtonPaneView.as; sourceTree = "<group>"; };
		2B70C74D0E143F71009CC2EF /* ms_support_down.png */ = {isa = PBXFileReference; lastKnownFileType = image.png; path = ms_support_down.png; sourceTree = "<group>"; };
		2B70C74E0E143F71009CC2EF /* ms_support_over.png */ = {isa = PBXFileReference; lastKnownFileType = image.png; path = ms_support_over.png; sourceTree = "<group>"; };
		2B70C74F0E143F71009CC2EF /* ms_support_up.png */ = {isa = PBXFileReference; lastKnownFileType = image.png; path = ms_support_up.png; sourceTree = "<group>"; };
		2B70C98C0E158290009CC2EF /* RequirementVO.as */ = {isa = PBXFileReference; fileEncoding = 4; lastKnownFileType = sourcecode.actionscript; path = RequirementVO.as; sourceTree = "<group>"; };
		2B70CD540E1D1376009CC2EF /* ChallengeLoader.mxml */ = {isa = PBXFileReference; fileEncoding = 4; lastKnownFileType = sourcecode.mxml; path = ChallengeLoader.mxml; sourceTree = "<group>"; };
		2BA635270DCB9BCB00B63E99 /* SetCoolerEvent.as */ = {isa = PBXFileReference; fileEncoding = 4; lastKnownFileType = sourcecode.actionscript; path = SetCoolerEvent.as; sourceTree = "<group>"; };
		2BA635280DCB9C2E00B63E99 /* SetCoolerCommand.as */ = {isa = PBXFileReference; fileEncoding = 4; lastKnownFileType = sourcecode.actionscript; path = SetCoolerCommand.as; sourceTree = "<group>"; };
		2BA635290DCBA32700B63E99 /* StrutPicker.mxml */ = {isa = PBXFileReference; fileEncoding = 4; lastKnownFileType = sourcecode.mxml; path = StrutPicker.mxml; sourceTree = "<group>"; };
		2BA6352A0DCBA44100B63E99 /* StrutPickerView.as */ = {isa = PBXFileReference; fileEncoding = 4; lastKnownFileType = sourcecode.actionscript; path = StrutPickerView.as; sourceTree = "<group>"; };
		2BA635590DCF4FAF00B63E99 /* GetInputPowerDataEvent.as */ = {isa = PBXFileReference; fileEncoding = 4; lastKnownFileType = sourcecode.actionscript; path = GetInputPowerDataEvent.as; sourceTree = "<group>"; };
		2BA6355A0DCF504100B63E99 /* GetInputPowerDataCommand.as */ = {isa = PBXFileReference; fileEncoding = 4; lastKnownFileType = sourcecode.actionscript; path = GetInputPowerDataCommand.as; sourceTree = "<group>"; };
		2BA635DC0DCF5CD900B63E99 /* get_input_power_doc.xml */ = {isa = PBXFileReference; fileEncoding = 4; lastKnownFileType = text.xml; path = get_input_power_doc.xml; sourceTree = "<group>"; };
		2BA636EC0DCF934100B63E99 /* GetOutputPowerDataEvent.as */ = {isa = PBXFileReference; fileEncoding = 4; lastKnownFileType = sourcecode.actionscript; path = GetOutputPowerDataEvent.as; sourceTree = "<group>"; };
		2BA636ED0DCF93F100B63E99 /* GetOutputPowerDataCommand.as */ = {isa = PBXFileReference; fileEncoding = 4; lastKnownFileType = sourcecode.actionscript; path = GetOutputPowerDataCommand.as; sourceTree = "<group>"; };
		2BA637400DCFA1C400B63E99 /* SetStrutEvent.as */ = {isa = PBXFileReference; fileEncoding = 4; lastKnownFileType = sourcecode.actionscript; path = SetStrutEvent.as; sourceTree = "<group>"; };
		2BA637410DCFA22C00B63E99 /* SetStrutCommand.as */ = {isa = PBXFileReference; fileEncoding = 4; lastKnownFileType = sourcecode.actionscript; path = SetStrutCommand.as; sourceTree = "<group>"; };
		2BA638510DD09E8000B63E99 /* RunSimulationEvent.as */ = {isa = PBXFileReference; fileEncoding = 4; lastKnownFileType = sourcecode.actionscript; path = RunSimulationEvent.as; sourceTree = "<group>"; };
		2BA638520DD0A0FB00B63E99 /* RunSimulationCommand.as */ = {isa = PBXFileReference; fileEncoding = 4; lastKnownFileType = sourcecode.actionscript; path = RunSimulationCommand.as; sourceTree = "<group>"; };
		2BA638660DD0A23800B63E99 /* run_sim_doc.xml */ = {isa = PBXFileReference; fileEncoding = 4; lastKnownFileType = text.xml; path = run_sim_doc.xml; sourceTree = "<group>"; };
		2BA638930DD0A6B100B63E99 /* CommitSolutionEvent.as */ = {isa = PBXFileReference; fileEncoding = 4; lastKnownFileType = sourcecode.actionscript; path = CommitSolutionEvent.as; sourceTree = "<group>"; };
		2BA638940DD0A6E000B63E99 /* CommitSolutionCommand.as */ = {isa = PBXFileReference; fileEncoding = 4; lastKnownFileType = sourcecode.actionscript; path = CommitSolutionCommand.as; sourceTree = "<group>"; };
		2BA639000DD0B5F600B63E99 /* Graph.mxml */ = {isa = PBXFileReference; fileEncoding = 4; lastKnownFileType = sourcecode.mxml; path = Graph.mxml; sourceTree = "<group>"; };
		2BA639010DD0B63A00B63E99 /* GraphView.as */ = {isa = PBXFileReference; fileEncoding = 4; lastKnownFileType = sourcecode.actionscript; path = GraphView.as; sourceTree = "<group>"; };
		2BA63A2E0DD0E2F200B63E99 /* input_cooling_power.swf */ = {isa = PBXFileReference; lastKnownFileType = file; path = input_cooling_power.swf; sourceTree = "<group>"; };
		2BA63A2F0DD0E2F300B63E99 /* output_cooling_power.swf */ = {isa = PBXFileReference; lastKnownFileType = file; path = output_cooling_power.swf; sourceTree = "<group>"; };
		2BA63A300DD0E2F300B63E99 /* temp_text.swf */ = {isa = PBXFileReference; lastKnownFileType = file; path = temp_text.swf; sourceTree = "<group>"; };
		2BA63A310DD0E2F300B63E99 /* thermal_text.swf */ = {isa = PBXFileReference; lastKnownFileType = file; path = thermal_text.swf; sourceTree = "<group>"; };
		2BA63A3A0DD0E44F00B63E99 /* input_cooling_power.fla */ = {isa = PBXFileReference; lastKnownFileType = file; path = input_cooling_power.fla; sourceTree = "<group>"; };
		2BA63A3B0DD0E44F00B63E99 /* output_cooling_power.fla */ = {isa = PBXFileReference; lastKnownFileType = file; path = output_cooling_power.fla; sourceTree = "<group>"; };
		2BA63A3C0DD0E44F00B63E99 /* temp_text.fla */ = {isa = PBXFileReference; lastKnownFileType = file; path = temp_text.fla; sourceTree = "<group>"; };
		2BA63A3D0DD0E44F00B63E99 /* thermal_text.fla */ = {isa = PBXFileReference; lastKnownFileType = file; path = thermal_text.fla; sourceTree = "<group>"; };
		2BA63CF90DD4E5B500B63E99 /* SetProblemEvent.as */ = {isa = PBXFileReference; fileEncoding = 4; lastKnownFileType = sourcecode.actionscript; path = SetProblemEvent.as; sourceTree = "<group>"; };
		2BA63CFA0DD4E61000B63E99 /* SetProblemCommand.as */ = {isa = PBXFileReference; fileEncoding = 4; lastKnownFileType = sourcecode.actionscript; path = SetProblemCommand.as; sourceTree = "<group>"; };
		2BA63E7B0DDA183B00B63E99 /* CryoLibModel.as */ = {isa = PBXFileReference; fileEncoding = 4; lastKnownFileType = sourcecode.actionscript; path = CryoLibModel.as; sourceTree = "<group>"; };
		2BA63E7C0DDA29D500B63E99 /* GetSpecificPowerDataEvent.as */ = {isa = PBXFileReference; fileEncoding = 4; lastKnownFileType = sourcecode.actionscript; path = GetSpecificPowerDataEvent.as; sourceTree = "<group>"; };
		2BA63E7D0DDA2A3900B63E99 /* GetSpecificPowerDataCommand.as */ = {isa = PBXFileReference; fileEncoding = 4; lastKnownFileType = sourcecode.actionscript; path = GetSpecificPowerDataCommand.as; sourceTree = "<group>"; };
		2BA63EB00DDA2C9900B63E99 /* get_power_data_doc.xml */ = {isa = PBXFileReference; fileEncoding = 4; lastKnownFileType = text.xml; path = get_power_data_doc.xml; sourceTree = "<group>"; };
		2BA6FC470E1D360D006A00A4 /* NestedVideoView.as */ = {isa = PBXFileReference; fileEncoding = 4; lastKnownFileType = sourcecode.actionscript; path = NestedVideoView.as; sourceTree = "<group>"; };
		2BAC79350B04CC3600207774 /* ApplicationClass.as */ = {isa = PBXFileReference; fileEncoding = 4; lastKnownFileType = sourcecode.actionscript; path = ApplicationClass.as; sourceTree = "<group>"; };
		2BC2391B0DDB7FD90053DEF1 /* ChangeWorkAreaStateEvent.as */ = {isa = PBXFileReference; fileEncoding = 4; lastKnownFileType = sourcecode.actionscript; path = ChangeWorkAreaStateEvent.as; sourceTree = "<group>"; };
		2BC2391C0DDB806D0053DEF1 /* ChangeWorkAreaStateCommand.as */ = {isa = PBXFileReference; fileEncoding = 4; lastKnownFileType = sourcecode.actionscript; path = ChangeWorkAreaStateCommand.as; sourceTree = "<group>"; };
		2BC239260DDB88EA0053DEF1 /* SketchPad.mxml */ = {isa = PBXFileReference; fileEncoding = 4; lastKnownFileType = sourcecode.mxml; path = SketchPad.mxml; sourceTree = "<group>"; };
		2BC239270DDB89370053DEF1 /* SketchPadView.as */ = {isa = PBXFileReference; fileEncoding = 4; lastKnownFileType = sourcecode.actionscript; path = SketchPadView.as; sourceTree = "<group>"; };
		2BC2397E0DDC78CF0053DEF1 /* ProcessPowerFactorEvent.as */ = {isa = PBXFileReference; fileEncoding = 4; lastKnownFileType = sourcecode.actionscript; path = ProcessPowerFactorEvent.as; sourceTree = "<group>"; };
		2BC2397F0DDC79340053DEF1 /* ProcessPowerFactorCommand.as */ = {isa = PBXFileReference; fileEncoding = 4; lastKnownFileType = sourcecode.actionscript; path = ProcessPowerFactorCommand.as; sourceTree = "<group>"; };
		2BC23A180DDCCB2B0053DEF1 /* CryoData.as */ = {isa = PBXFileReference; fileEncoding = 4; lastKnownFileType = sourcecode.actionscript; path = CryoData.as; sourceTree = "<group>"; };
		2BC242500DED98A00053DEF1 /* Login.mxml */ = {isa = PBXFileReference; fileEncoding = 4; lastKnownFileType = sourcecode.mxml; path = Login.mxml; sourceTree = "<group>"; };
		2BC242510DED98C20053DEF1 /* LoginView.as */ = {isa = PBXFileReference; fileEncoding = 4; lastKnownFileType = sourcecode.actionscript; path = LoginView.as; sourceTree = "<group>"; };
		2BC242520DED9BE30053DEF1 /* LoginEvent.as */ = {isa = PBXFileReference; fileEncoding = 4; lastKnownFileType = sourcecode.actionscript; path = LoginEvent.as; sourceTree = "<group>"; };
		2BC242530DED9CCE0053DEF1 /* LoginCommand.as */ = {isa = PBXFileReference; fileEncoding = 4; lastKnownFileType = sourcecode.actionscript; path = LoginCommand.as; sourceTree = "<group>"; };
		2BC242DF0DEDE2FD0053DEF1 /* choose_job.psd */ = {isa = PBXFileReference; lastKnownFileType = file; path = choose_job.psd; sourceTree = "<group>"; };
		2BC242E00DEDE2FD0053DEF1 /* cost.psd */ = {isa = PBXFileReference; lastKnownFileType = file; path = cost.psd; sourceTree = "<group>"; };
		2BC242E10DEDE2FD0053DEF1 /* gameboard.psd */ = {isa = PBXFileReference; lastKnownFileType = file; path = gameboard.psd; sourceTree = "<group>"; };
		2BC242E20DEDE2FD0053DEF1 /* gen_dude.ai */ = {isa = PBXFileReference; fileEncoding = 4; lastKnownFileType = text; path = gen_dude.ai; sourceTree = "<group>"; };
		2BC242E30DEDE2FD0053DEF1 /* gen_dude.psd */ = {isa = PBXFileReference; lastKnownFileType = file; path = gen_dude.psd; sourceTree = "<group>"; };
		2BC242E40DEDE2FD0053DEF1 /* sidebar.psd */ = {isa = PBXFileReference; lastKnownFileType = file; path = sidebar.psd; sourceTree = "<group>"; };
		2BC242E50DEDE2FD0053DEF1 /* splash.psd */ = {isa = PBXFileReference; lastKnownFileType = file; path = splash.psd; sourceTree = "<group>"; };
		2BC242E60DEDE2FD0053DEF1 /* splash_cut.psd */ = {isa = PBXFileReference; lastKnownFileType = file; path = splash_cut.psd; sourceTree = "<group>"; };
		2BC242E70DEDE2FD0053DEF1 /* topbar.psd */ = {isa = PBXFileReference; lastKnownFileType = file; path = topbar.psd; sourceTree = "<group>"; };
		2BC242E80DEDE2FD0053DEF1 /* windows.psd */ = {isa = PBXFileReference; lastKnownFileType = file; path = windows.psd; sourceTree = "<group>"; };
		2BC242E90DEDE37A0053DEF1 /* gen_dude.jpg */ = {isa = PBXFileReference; lastKnownFileType = image.jpeg; path = gen_dude.jpg; sourceTree = "<group>"; };
		2BC242EA0DEDE37A0053DEF1 /* splash.png */ = {isa = PBXFileReference; lastKnownFileType = image.png; path = splash.png; sourceTree = "<group>"; };
		2BC2454C0DF43C830053DEF1 /* minesweeper.jpg */ = {isa = PBXFileReference; lastKnownFileType = image.jpeg; path = minesweeper.jpg; sourceTree = "<group>"; };
		2BC245660DF43ED20053DEF1 /* toolbar_icons.fla */ = {isa = PBXFileReference; lastKnownFileType = file; path = toolbar_icons.fla; sourceTree = "<group>"; };
		2BC245670DF43EF60053DEF1 /* minesweeper.JPG */ = {isa = PBXFileReference; lastKnownFileType = image.jpeg; path = minesweeper.JPG; sourceTree = "<group>"; };
		2BC245680DF43EF60053DEF1 /* minesweeper.psd */ = {isa = PBXFileReference; lastKnownFileType = file; path = minesweeper.psd; sourceTree = "<group>"; };
		2BC245690DF43F250053DEF1 /* commit_down.swf */ = {isa = PBXFileReference; lastKnownFileType = file; path = commit_down.swf; sourceTree = "<group>"; };
		2BC2456A0DF43F250053DEF1 /* commit_over.swf */ = {isa = PBXFileReference; lastKnownFileType = file; path = commit_over.swf; sourceTree = "<group>"; };
		2BC2456B0DF43F250053DEF1 /* commit_up.swf */ = {isa = PBXFileReference; lastKnownFileType = file; path = commit_up.swf; sourceTree = "<group>"; };
		2BC2456C0DF43F250053DEF1 /* consultant_down.swf */ = {isa = PBXFileReference; lastKnownFileType = file; path = consultant_down.swf; sourceTree = "<group>"; };
		2BC2456D0DF43F250053DEF1 /* consultant_over.swf */ = {isa = PBXFileReference; lastKnownFileType = file; path = consultant_over.swf; sourceTree = "<group>"; };
		2BC2456E0DF43F250053DEF1 /* consultant_up.swf */ = {isa = PBXFileReference; lastKnownFileType = file; path = consultant_up.swf; sourceTree = "<group>"; };
		2BC2456F0DF43F250053DEF1 /* graph_down.swf */ = {isa = PBXFileReference; lastKnownFileType = file; path = graph_down.swf; sourceTree = "<group>"; };
		2BC245700DF43F250053DEF1 /* graph_over.swf */ = {isa = PBXFileReference; lastKnownFileType = file; path = graph_over.swf; sourceTree = "<group>"; };
		2BC245710DF43F250053DEF1 /* graph_up.swf */ = {isa = PBXFileReference; lastKnownFileType = file; path = graph_up.swf; sourceTree = "<group>"; };
		2BC245720DF43F250053DEF1 /* help_down.swf */ = {isa = PBXFileReference; lastKnownFileType = file; path = help_down.swf; sourceTree = "<group>"; };
		2BC245730DF43F250053DEF1 /* help_over.swf */ = {isa = PBXFileReference; lastKnownFileType = file; path = help_over.swf; sourceTree = "<group>"; };
		2BC245740DF43F250053DEF1 /* help_up.swf */ = {isa = PBXFileReference; lastKnownFileType = file; path = help_up.swf; sourceTree = "<group>"; };
		2BC245750DF43F250053DEF1 /* switch_down.swf */ = {isa = PBXFileReference; lastKnownFileType = file; path = switch_down.swf; sourceTree = "<group>"; };
		2BC245760DF43F250053DEF1 /* switch_over.swf */ = {isa = PBXFileReference; lastKnownFileType = file; path = switch_over.swf; sourceTree = "<group>"; };
		2BC245770DF43F250053DEF1 /* switch_up.swf */ = {isa = PBXFileReference; lastKnownFileType = file; path = switch_up.swf; sourceTree = "<group>"; };
		2BC245E50DF487B40053DEF1 /* cooler_button.fla */ = {isa = PBXFileReference; lastKnownFileType = file; path = cooler_button.fla; sourceTree = "<group>"; };
		2BC245E60DF487B40053DEF1 /* minesweeper_callouts.fla */ = {isa = PBXFileReference; lastKnownFileType = file; path = minesweeper_callouts.fla; sourceTree = "<group>"; };
		2BC245E70DF487B40053DEF1 /* supports_button.fla */ = {isa = PBXFileReference; lastKnownFileType = file; path = supports_button.fla; sourceTree = "<group>"; };
		2BC247030DF6D09C0053DEF1 /* CutScreen.mxml */ = {isa = PBXFileReference; fileEncoding = 4; lastKnownFileType = sourcecode.mxml; path = CutScreen.mxml; sourceTree = "<group>"; };
		2BC247040DF6D1B30053DEF1 /* CutScreenView.as */ = {isa = PBXFileReference; fileEncoding = 4; lastKnownFileType = sourcecode.actionscript; path = CutScreenView.as; sourceTree = "<group>"; };
		2BC247050DF6D3AD0053DEF1 /* EnterCutScreenEvent.as */ = {isa = PBXFileReference; fileEncoding = 4; lastKnownFileType = sourcecode.actionscript; path = EnterCutScreenEvent.as; sourceTree = "<group>"; };
		2BC247060DF6D4B20053DEF1 /* EnterCutScreenCommand.as */ = {isa = PBXFileReference; fileEncoding = 4; lastKnownFileType = sourcecode.actionscript; path = EnterCutScreenCommand.as; sourceTree = "<group>"; };
		2BC247070DF6DB8C0053DEF1 /* LeaveCutScreenEvent.as */ = {isa = PBXFileReference; fileEncoding = 4; lastKnownFileType = sourcecode.actionscript; path = LeaveCutScreenEvent.as; sourceTree = "<group>"; };
		2BC247080DF6DBD60053DEF1 /* LeaveCutScreenCommand.as */ = {isa = PBXFileReference; fileEncoding = 4; lastKnownFileType = sourcecode.actionscript; path = LeaveCutScreenCommand.as; sourceTree = "<group>"; };
		2BC247AF0DF6F7C30053DEF1 /* Meter.mxml */ = {isa = PBXFileReference; fileEncoding = 4; lastKnownFileType = sourcecode.mxml; path = Meter.mxml; sourceTree = "<group>"; };
/* End PBXFileReference section */

/* Begin PBXGroup section */
		2B4EF0B80A6D37A600A6532F /* lib */ = {
			isa = PBXGroup;
			children = (
				2B4EF0B90A6D37A600A6532F /* myApp.html */,
				2B4EF0BA0A6D37A600A6532F /* swfobject.js */,
				2BC2454C0DF43C830053DEF1 /* minesweeper.jpg */,
				2B70C74D0E143F71009CC2EF /* ms_support_down.png */,
				2B70C74E0E143F71009CC2EF /* ms_support_over.png */,
				2B70C74F0E143F71009CC2EF /* ms_support_up.png */,
				2B23F4230E2D35BE001D3929 /* crossdomain.xml */,
				2B23F4240E2D35BE001D3929 /* minesweeper_cut.flv */,
				2B23F4250E2D35BE001D3929 /* ms_cooler_down.png */,
				2B23F4260E2D35BE001D3929 /* ms_cooler_over.png */,
				2B23F4270E2D35BE001D3929 /* ms_cooler_up.png */,
			);
			path = lib;
			sourceTree = "<group>";
		};
		2B4EF0BB0A6D37A600A6532F /* src */ = {
			isa = PBXGroup;
			children = (
				2B6715810DBFC943004B8F9E /* coolit */,
				2B4EF0BC0A6D37A600A6532F /* Main.mxml */,
				2BAC79350B04CC3600207774 /* ApplicationClass.as */,
				2B67163F0DC0BD8C004B8F9E /* AssetEmbedLocator.as */,
			);
			path = src;
			sourceTree = "<group>";
		};
		2B6715810DBFC943004B8F9E /* coolit */ = {
			isa = PBXGroup;
			children = (
				2B6715820DBFC943004B8F9E /* business */,
				2B6715840DBFC943004B8F9E /* command */,
				2B6715860DBFC943004B8F9E /* control */,
				2B6715880DBFC943004B8F9E /* event */,
				2B67158A0DBFC943004B8F9E /* model */,
				2B67158D0DBFC943004B8F9E /* view */,
				2B6715900DBFC943004B8F9E /* vo */,
				2B6717020DC0CFFA004B8F9E /* CommonBase.as */,
			);
			name = coolit;
			path = edu/wisc/doit/ls/coolit;
			sourceTree = "<group>";
		};
		2B6715820DBFC943004B8F9E /* business */ = {
			isa = PBXGroup;
			children = (
				2B6715830DBFC943004B8F9E /* CoolItDelegate.as */,
				2B6716C60DC0CA16004B8F9E /* Services.mxml */,
			);
			path = business;
			sourceTree = "<group>";
		};
		2B6715840DBFC943004B8F9E /* command */ = {
			isa = PBXGroup;
			children = (
				2B6715850DBFC943004B8F9E /* ChooseJobCommand.as */,
				2B6716E50DC0CD52004B8F9E /* GetJobListCommand.as */,
				2B671AA50DC2412D004B8F9E /* ViewJobListCommand.as */,
				2B671AFA0DC25408004B8F9E /* GetCoolerListCommand.as */,
				2B671B2F0DC2593C004B8F9E /* GetMaterialListCommand.as */,
				2BA635280DCB9C2E00B63E99 /* SetCoolerCommand.as */,
				2BA6355A0DCF504100B63E99 /* GetInputPowerDataCommand.as */,
				2BA636ED0DCF93F100B63E99 /* GetOutputPowerDataCommand.as */,
				2BA637410DCFA22C00B63E99 /* SetStrutCommand.as */,
				2BA638520DD0A0FB00B63E99 /* RunSimulationCommand.as */,
				2BA638940DD0A6E000B63E99 /* CommitSolutionCommand.as */,
				2BA63CFA0DD4E61000B63E99 /* SetProblemCommand.as */,
				2BA63E7D0DDA2A3900B63E99 /* GetSpecificPowerDataCommand.as */,
				2BC2391C0DDB806D0053DEF1 /* ChangeWorkAreaStateCommand.as */,
				2BC2397F0DDC79340053DEF1 /* ProcessPowerFactorCommand.as */,
				2BC242530DED9CCE0053DEF1 /* LoginCommand.as */,
				2BC247060DF6D4B20053DEF1 /* EnterCutScreenCommand.as */,
				2BC247080DF6DBD60053DEF1 /* LeaveCutScreenCommand.as */,
			);
			path = command;
			sourceTree = "<group>";
		};
		2B6715860DBFC943004B8F9E /* control */ = {
			isa = PBXGroup;
			children = (
				2B6715870DBFC943004B8F9E /* CoolItController.as */,
			);
			path = control;
			sourceTree = "<group>";
		};
		2B6715880DBFC943004B8F9E /* event */ = {
			isa = PBXGroup;
			children = (
				2B6715890DBFC943004B8F9E /* ChooseJobEvent.as */,
				2B6716E40DC0CCFE004B8F9E /* GetJobListEvent.as */,
				2B671AA40DC240F9004B8F9E /* ViewJobListEvent.as */,
				2B671AF90DC25374004B8F9E /* GetCoolerListEvent.as */,
				2B671B2E0DC25908004B8F9E /* GetMaterialListEvent.as */,
				2BA635270DCB9BCB00B63E99 /* SetCoolerEvent.as */,
				2BA635590DCF4FAF00B63E99 /* GetInputPowerDataEvent.as */,
				2BA636EC0DCF934100B63E99 /* GetOutputPowerDataEvent.as */,
				2BA637400DCFA1C400B63E99 /* SetStrutEvent.as */,
				2BA638510DD09E8000B63E99 /* RunSimulationEvent.as */,
				2BA638930DD0A6B100B63E99 /* CommitSolutionEvent.as */,
				2BA63CF90DD4E5B500B63E99 /* SetProblemEvent.as */,
				2BA63E7C0DDA29D500B63E99 /* GetSpecificPowerDataEvent.as */,
				2BC2391B0DDB7FD90053DEF1 /* ChangeWorkAreaStateEvent.as */,
				2BC2397E0DDC78CF0053DEF1 /* ProcessPowerFactorEvent.as */,
				2BC242520DED9BE30053DEF1 /* LoginEvent.as */,
				2BC247050DF6D3AD0053DEF1 /* EnterCutScreenEvent.as */,
				2BC247070DF6DB8C0053DEF1 /* LeaveCutScreenEvent.as */,
			);
			path = event;
			sourceTree = "<group>";
		};
		2B67158A0DBFC943004B8F9E /* model */ = {
			isa = PBXGroup;
			children = (
				2B67158C0DBFC943004B8F9E /* CoolItModelLocator.as */,
				2B6717A20DC0DF73004B8F9E /* JobModel.as */,
				2B671ABF0DC243CF004B8F9E /* CoolerModel.as */,
				2B671AF70DC2503B004B8F9E /* MaterialModel.as */,
				2B6719170DC110A9004B8F9E /* StateModel.as */,
				2BA63E7B0DDA183B00B63E99 /* CryoLibModel.as */,
			);
			path = model;
			sourceTree = "<group>";
		};
		2B67158D0DBFC943004B8F9E /* view */ = {
			isa = PBXGroup;
			children = (
				2B67158E0DBFC943004B8F9E /* JobChooser.mxml */,
				2B67158F0DBFC943004B8F9E /* JobChooserView.as */,
				2B6719310DC119CD004B8F9E /* JobScreen.mxml */,
				2B6719320DC11A99004B8F9E /* JobScreenView.as */,
				2B671B660DC25DB8004B8F9E /* CoolerPicker.mxml */,
				2B671B670DC25E15004B8F9E /* CoolerPickerView.as */,
				2BA635290DCBA32700B63E99 /* StrutPicker.mxml */,
				2BA6352A0DCBA44100B63E99 /* StrutPickerView.as */,
				2BA639000DD0B5F600B63E99 /* Graph.mxml */,
				2BA639010DD0B63A00B63E99 /* GraphView.as */,
				2BC239260DDB88EA0053DEF1 /* SketchPad.mxml */,
				2BC239270DDB89370053DEF1 /* SketchPadView.as */,
				2BC23A180DDCCB2B0053DEF1 /* CryoData.as */,
				2BC242500DED98A00053DEF1 /* Login.mxml */,
				2BC242510DED98C20053DEF1 /* LoginView.as */,
				2BC247030DF6D09C0053DEF1 /* CutScreen.mxml */,
				2BC247040DF6D1B30053DEF1 /* CutScreenView.as */,
				2BC247AF0DF6F7C30053DEF1 /* Meter.mxml */,
				2B70C71F0E14332D009CC2EF /* PNGButtonPane.mxml */,
				2B70C7200E143366009CC2EF /* PNGButtonPaneView.as */,
				2B70CD540E1D1376009CC2EF /* ChallengeLoader.mxml */,
				2BA6FC470E1D360D006A00A4 /* NestedVideoView.as */,
			);
			path = view;
			sourceTree = "<group>";
		};
		2B6715900DBFC943004B8F9E /* vo */ = {
			isa = PBXGroup;
			children = (
				2B6715910DBFC943004B8F9E /* JobVO.as */,
				2B671AF40DC2472E004B8F9E /* CoolerVO.as */,
				2B671AF80DC251A4004B8F9E /* MaterialVO.as */,
				2B671AF50DC2494A004B8F9E /* DataPointVO.as */,
				2B70C98C0E158290009CC2EF /* RequirementVO.as */,
			);
			path = vo;
			sourceTree = "<group>";
		};
		2B6715FC0DBFD71F004B8F9E /* skin */ = {
			isa = PBXGroup;
			children = (
				2B6715FD0DBFD71F004B8F9E /* style.css */,
				2B671A1E0DC228B0004B8F9E /* images */,
			);
			path = skin;
			sourceTree = "<group>";
		};
		2B67176C0DC0DB98004B8F9E /* docs */ = {
			isa = PBXGroup;
			children = (
				2B67176D0DC0DBA8004B8F9E /* get_problems_doc.xml */,
				2B671ACA0DC24462004B8F9E /* get_coolers_doc.xml */,
				2B671AF60DC24C32004B8F9E /* get_materials_doc.xml */,
				2BA635DC0DCF5CD900B63E99 /* get_input_power_doc.xml */,
				2BA638660DD0A23800B63E99 /* run_sim_doc.xml */,
				2BA63EB00DDA2C9900B63E99 /* get_power_data_doc.xml */,
			);
			path = docs;
			sourceTree = "<group>";
		};
		2B671A1E0DC228B0004B8F9E /* images */ = {
			isa = PBXGroup;
			children = (
				2B671A1F0DC228B0004B8F9E /* closed_arrow.swf */,
				2B671A200DC228B0004B8F9E /* open_arrow.swf */,
				2B671A210DC228B0004B8F9E /* temp_image.png */,
				2BA63A2E0DD0E2F200B63E99 /* input_cooling_power.swf */,
				2BA63A2F0DD0E2F300B63E99 /* output_cooling_power.swf */,
				2BA63A300DD0E2F300B63E99 /* temp_text.swf */,
				2BA63A310DD0E2F300B63E99 /* thermal_text.swf */,
				2BC242E90DEDE37A0053DEF1 /* gen_dude.jpg */,
				2BC242EA0DEDE37A0053DEF1 /* splash.png */,
				2BC245690DF43F250053DEF1 /* commit_down.swf */,
				2BC2456A0DF43F250053DEF1 /* commit_over.swf */,
				2BC2456B0DF43F250053DEF1 /* commit_up.swf */,
				2BC2456C0DF43F250053DEF1 /* consultant_down.swf */,
				2BC2456D0DF43F250053DEF1 /* consultant_over.swf */,
				2BC2456E0DF43F250053DEF1 /* consultant_up.swf */,
				2BC2456F0DF43F250053DEF1 /* graph_down.swf */,
				2BC245700DF43F250053DEF1 /* graph_over.swf */,
				2BC245710DF43F250053DEF1 /* graph_up.swf */,
				2BC245720DF43F250053DEF1 /* help_down.swf */,
				2BC245730DF43F250053DEF1 /* help_over.swf */,
				2BC245740DF43F250053DEF1 /* help_up.swf */,
				2BC245750DF43F250053DEF1 /* switch_down.swf */,
				2BC245760DF43F250053DEF1 /* switch_over.swf */,
				2BC245770DF43F250053DEF1 /* switch_up.swf */,
				2B23F42C0E2D372A001D3929 /* challenge_loading.swf */,
				2B23F42D0E2D372A001D3929 /* cooler_down.swf */,
				2B23F42E0E2D372A001D3929 /* cooler_over.swf */,
				2B23F42F0E2D372A001D3929 /* cooler_selected.swf */,
				2B23F4300E2D372A001D3929 /* cooler_up.swf */,
				2B23F4310E2D372A001D3929 /* spinner.swf */,
				2B23F4320E2D372A001D3929 /* supports_down.swf */,
				2B23F4330E2D372A001D3929 /* supports_over.swf */,
				2B23F4340E2D372A001D3929 /* supports_selected.swf */,
				2B23F4350E2D372A001D3929 /* supports_up.swf */,
			);
			path = images;
			sourceTree = "<group>";
		};
		2BA63A390DD0E44F00B63E99 /* graphics */ = {
			isa = PBXGroup;
			children = (
				2BA63A3A0DD0E44F00B63E99 /* input_cooling_power.fla */,
				2BA63A3B0DD0E44F00B63E99 /* output_cooling_power.fla */,
				2BA63A3C0DD0E44F00B63E99 /* temp_text.fla */,
				2BA63A3D0DD0E44F00B63E99 /* thermal_text.fla */,
				2BC245660DF43ED20053DEF1 /* toolbar_icons.fla */,
				2BC245E50DF487B40053DEF1 /* cooler_button.fla */,
				2BC245E60DF487B40053DEF1 /* minesweeper_callouts.fla */,
				2BC245E70DF487B40053DEF1 /* supports_button.fla */,
				2B23F4280E2D36E5001D3929 /* challenge_loading.fla */,
				2B23F4290E2D36E5001D3929 /* challenge_loading.psd */,
				2B23F42A0E2D36E5001D3929 /* minesweeper_cut.fla */,
				2B23F42B0E2D36E5001D3929 /* spinner.fla */,
				2BC242DF0DEDE2FD0053DEF1 /* choose_job.psd */,
				2BC242E00DEDE2FD0053DEF1 /* cost.psd */,
				2BC242E10DEDE2FD0053DEF1 /* gameboard.psd */,
				2BC242E20DEDE2FD0053DEF1 /* gen_dude.ai */,
				2BC242E30DEDE2FD0053DEF1 /* gen_dude.psd */,
				2BC242E40DEDE2FD0053DEF1 /* sidebar.psd */,
				2BC242E50DEDE2FD0053DEF1 /* splash.psd */,
				2BC242E60DEDE2FD0053DEF1 /* splash_cut.psd */,
				2BC242E70DEDE2FD0053DEF1 /* topbar.psd */,
				2BC242E80DEDE2FD0053DEF1 /* windows.psd */,
				2BC245670DF43EF60053DEF1 /* minesweeper.JPG */,
				2BC245680DF43EF60053DEF1 /* minesweeper.psd */,
			);
			path = graphics;
			sourceTree = "<group>";
		};
		88230FFA05D9926E00FE8D22 = {
			isa = PBXGroup;
			children = (
				2B4EF0B70A6D37A600A6532F /* build.xml */,
				2BA63A390DD0E44F00B63E99 /* graphics */,
				2B67176C0DC0DB98004B8F9E /* docs */,
				2B6715FC0DBFD71F004B8F9E /* skin */,
				2B4EF0B80A6D37A600A6532F /* lib */,
				2B4EF0BB0A6D37A600A6532F /* src */,
			);
			sourceTree = "<group>";
		};
/* End PBXGroup section */

/* Begin PBXLegacyTarget section */
		2B4EF09C0A6D36A200A6532F /* RadBuild */ = {
			isa = PBXLegacyTarget;
			buildArgumentsString = "radBuildAndRun -emacs $(ACTION)";
			buildConfigurationList = 2B4EF09D0A6D36A200A6532F /* Build configuration list for PBXLegacyTarget "RadBuild" */;
			buildPhases = (
			);
			buildToolPath = /usr/bin/ant;
			buildWorkingDirectory = ./;
			dependencies = (
			);
			name = RadBuild;
			passBuildSettingsInEnvironment = 1;
			productName = CoolIt;
		};
		8823100505D9929B00FE8D22 /* FullBuild */ = {
			isa = PBXLegacyTarget;
			buildArgumentsString = "-emacs $(ACTION)";
			buildConfigurationList = 0A828E5908BBAA310037578C /* Build configuration list for PBXLegacyTarget "FullBuild" */;
			buildPhases = (
			);
			buildToolPath = /usr/bin/ant;
			buildWorkingDirectory = ./;
			dependencies = (
			);
			name = FullBuild;
			passBuildSettingsInEnvironment = 1;
			productName = CoolIt;
		};
/* End PBXLegacyTarget section */

/* Begin PBXProject section */
		88230FFE05D9926E00FE8D22 /* Project object */ = {
			isa = PBXProject;
			buildConfigurationList = 0A828E5D08BBAA310037578C /* Build configuration list for PBXProject "CoolIt" */;
			compatibilityVersion = "Xcode 2.4";
			hasScannedForEncodings = 1;
			mainGroup = 88230FFA05D9926E00FE8D22;
			projectDirPath = "";
			projectRoot = "";
			targets = (
				8823100505D9929B00FE8D22 /* FullBuild */,
				2B4EF09C0A6D36A200A6532F /* RadBuild */,
			);
		};
/* End PBXProject section */

/* Begin XCBuildConfiguration section */
		0A828E5A08BBAA310037578C /* Debug */ = {
			isa = XCBuildConfiguration;
			buildSettings = {
				COPY_PHASE_STRIP = NO;
				PRODUCT_NAME = CoolIt;
			};
			name = Debug;
		};
		0A828E5B08BBAA310037578C /* Release */ = {
			isa = XCBuildConfiguration;
			buildSettings = {
				COPY_PHASE_STRIP = YES;
				PRODUCT_NAME = CoolIt;
			};
			name = Release;
		};
		0A828E5E08BBAA310037578C /* Debug */ = {
			isa = XCBuildConfiguration;
			buildSettings = {
			};
			name = Debug;
		};
		0A828E5F08BBAA310037578C /* Release */ = {
			isa = XCBuildConfiguration;
			buildSettings = {
			};
			name = Release;
		};
		2B4EF09E0A6D36A200A6532F /* Debug */ = {
			isa = XCBuildConfiguration;
			buildSettings = {
				COPY_PHASE_STRIP = NO;
				PRODUCT_NAME = CoolIt;
			};
			name = Debug;
		};
		2B4EF09F0A6D36A200A6532F /* Release */ = {
			isa = XCBuildConfiguration;
			buildSettings = {
				COPY_PHASE_STRIP = YES;
				PRODUCT_NAME = CoolIt;
			};
			name = Release;
		};
/* End XCBuildConfiguration section */

/* Begin XCConfigurationList section */
		0A828E5908BBAA310037578C /* Build configuration list for PBXLegacyTarget "FullBuild" */ = {
			isa = XCConfigurationList;
			buildConfigurations = (
				0A828E5A08BBAA310037578C /* Debug */,
				0A828E5B08BBAA310037578C /* Release */,
			);
			defaultConfigurationIsVisible = 0;
			defaultConfigurationName = Release;
		};
		0A828E5D08BBAA310037578C /* Build configuration list for PBXProject "CoolIt" */ = {
			isa = XCConfigurationList;
			buildConfigurations = (
				0A828E5E08BBAA310037578C /* Debug */,
				0A828E5F08BBAA310037578C /* Release */,
			);
			defaultConfigurationIsVisible = 0;
			defaultConfigurationName = Release;
		};
		2B4EF09D0A6D36A200A6532F /* Build configuration list for PBXLegacyTarget "RadBuild" */ = {
			isa = XCConfigurationList;
			buildConfigurations = (
				2B4EF09E0A6D36A200A6532F /* Debug */,
				2B4EF09F0A6D36A200A6532F /* Release */,
			);
			defaultConfigurationIsVisible = 0;
			defaultConfigurationName = Release;
		};
/* End XCConfigurationList section */
	};
	rootObject = 88230FFE05D9926E00FE8D22 /* Project object */;
}
